// !$*UTF8*$!
{
	archiveVersion = 1;
	classes = {
	};
	objectVersion = 56;
	objects = {

/* Begin PBXBuildFile section */
		AAEB802B2AB4E35700CAD7AD /* AppDelegate.swift in Sources */ = {isa = PBXBuildFile; fileRef = AAEB802A2AB4E35700CAD7AD /* AppDelegate.swift */; };
		AAEB802D2AB4E35700CAD7AD /* SceneDelegate.swift in Sources */ = {isa = PBXBuildFile; fileRef = AAEB802C2AB4E35700CAD7AD /* SceneDelegate.swift */; };
		AAEB802F2AB4E35700CAD7AD /* ViewController.swift in Sources */ = {isa = PBXBuildFile; fileRef = AAEB802E2AB4E35700CAD7AD /* ViewController.swift */; };
		AAEB80322AB4E35700CAD7AD /* Main.storyboard in Resources */ = {isa = PBXBuildFile; fileRef = AAEB80302AB4E35700CAD7AD /* Main.storyboard */; };
		AAEB80342AB4E35800CAD7AD /* Assets.xcassets in Resources */ = {isa = PBXBuildFile; fileRef = AAEB80332AB4E35800CAD7AD /* Assets.xcassets */; };
		AAEB80372AB4E35800CAD7AD /* LaunchScreen.storyboard in Resources */ = {isa = PBXBuildFile; fileRef = AAEB80352AB4E35800CAD7AD /* LaunchScreen.storyboard */; };
		AAEB80422AB4F5E500CAD7AD /* WeatherModel.swift in Sources */ = {isa = PBXBuildFile; fileRef = AAEB80412AB4F5E500CAD7AD /* WeatherModel.swift */; };
/* End PBXBuildFile section */

/* Begin PBXFileReference section */
		AAEB80272AB4E35700CAD7AD /* task4_app.app */ = {isa = PBXFileReference; explicitFileType = wrapper.application; includeInIndex = 0; path = task4_app.app; sourceTree = BUILT_PRODUCTS_DIR; };
		AAEB802A2AB4E35700CAD7AD /* AppDelegate.swift */ = {isa = PBXFileReference; lastKnownFileType = sourcecode.swift; path = AppDelegate.swift; sourceTree = "<group>"; };
		AAEB802C2AB4E35700CAD7AD /* SceneDelegate.swift */ = {isa = PBXFileReference; lastKnownFileType = sourcecode.swift; path = SceneDelegate.swift; sourceTree = "<group>"; };
		AAEB802E2AB4E35700CAD7AD /* ViewController.swift */ = {isa = PBXFileReference; lastKnownFileType = sourcecode.swift; path = ViewController.swift; sourceTree = "<group>"; };
		AAEB80312AB4E35700CAD7AD /* Base */ = {isa = PBXFileReference; lastKnownFileType = file.storyboard; name = Base; path = Base.lproj/Main.storyboard; sourceTree = "<group>"; };
		AAEB80332AB4E35800CAD7AD /* Assets.xcassets */ = {isa = PBXFileReference; lastKnownFileType = folder.assetcatalog; path = Assets.xcassets; sourceTree = "<group>"; };
		AAEB80362AB4E35800CAD7AD /* Base */ = {isa = PBXFileReference; lastKnownFileType = file.storyboard; name = Base; path = Base.lproj/LaunchScreen.storyboard; sourceTree = "<group>"; };
		AAEB80382AB4E35800CAD7AD /* Info.plist */ = {isa = PBXFileReference; lastKnownFileType = text.plist.xml; path = Info.plist; sourceTree = "<group>"; };
		AAEB80412AB4F5E500CAD7AD /* WeatherModel.swift */ = {isa = PBXFileReference; lastKnownFileType = sourcecode.swift; path = WeatherModel.swift; sourceTree = "<group>"; };
/* End PBXFileReference section */

/* Begin PBXFrameworksBuildPhase section */
		AAEB80242AB4E35700CAD7AD /* Frameworks */ = {
			isa = PBXFrameworksBuildPhase;
			buildActionMask = 2147483647;
			files = (
			);
			runOnlyForDeploymentPostprocessing = 0;
		};
/* End PBXFrameworksBuildPhase section */

/* Begin PBXGroup section */
		AAEB801E2AB4E35700CAD7AD = {
			isa = PBXGroup;
			children = (
				AAEB80292AB4E35700CAD7AD /* task4_app */,
				AAEB80282AB4E35700CAD7AD /* Products */,
			);
			sourceTree = "<group>";
		};
		AAEB80282AB4E35700CAD7AD /* Products */ = {
			isa = PBXGroup;
			children = (
				AAEB80272AB4E35700CAD7AD /* task4_app.app */,
			);
			name = Products;
			sourceTree = "<group>";
		};
		AAEB80292AB4E35700CAD7AD /* task4_app */ = {
			isa = PBXGroup;
			children = (
				AAEB80402AB4F5B000CAD7AD /* View */,
				AAEB803F2AB4F5A600CAD7AD /* App */,
				AAEB803E2AB4F58F00CAD7AD /* Model */,
				AAEB80332AB4E35800CAD7AD /* Assets.xcassets */,
				AAEB80382AB4E35800CAD7AD /* Info.plist */,
			);
			path = task4_app;
			sourceTree = "<group>";
		};
		AAEB803E2AB4F58F00CAD7AD /* Model */ = {
			isa = PBXGroup;
			children = (
				AAEB80412AB4F5E500CAD7AD /* WeatherModel.swift */,
			);
			path = Model;
			sourceTree = "<group>";
		};
		AAEB803F2AB4F5A600CAD7AD /* App */ = {
			isa = PBXGroup;
			children = (
				AAEB802A2AB4E35700CAD7AD /* AppDelegate.swift */,
				AAEB802C2AB4E35700CAD7AD /* SceneDelegate.swift */,
				AAEB802E2AB4E35700CAD7AD /* ViewController.swift */,
			);
			path = App;
			sourceTree = "<group>";
		};
		AAEB80402AB4F5B000CAD7AD /* View */ = {
			isa = PBXGroup;
			children = (
				AAEB80352AB4E35800CAD7AD /* LaunchScreen.storyboard */,
				AAEB80302AB4E35700CAD7AD /* Main.storyboard */,
			);
			path = View;
			sourceTree = "<group>";
		};
/* End PBXGroup section */

/* Begin PBXNativeTarget section */
		AAEB80262AB4E35700CAD7AD /* task4_app */ = {
			isa = PBXNativeTarget;
			buildConfigurationList = AAEB803B2AB4E35800CAD7AD /* Build configuration list for PBXNativeTarget "task4_app" */;
			buildPhases = (
				AAEB80232AB4E35700CAD7AD /* Sources */,
				AAEB80242AB4E35700CAD7AD /* Frameworks */,
				AAEB80252AB4E35700CAD7AD /* Resources */,
			);
			buildRules = (
			);
			dependencies = (
			);
			name = task4_app;
			productName = task4_app;
			productReference = AAEB80272AB4E35700CAD7AD /* task4_app.app */;
			productType = "com.apple.product-type.application";
		};
/* End PBXNativeTarget section */

/* Begin PBXProject section */
		AAEB801F2AB4E35700CAD7AD /* Project object */ = {
			isa = PBXProject;
			attributes = {
				BuildIndependentTargetsInParallel = 1;
				LastSwiftUpdateCheck = 1430;
				LastUpgradeCheck = 1430;
				TargetAttributes = {
					AAEB80262AB4E35700CAD7AD = {
						CreatedOnToolsVersion = 14.3.1;
					};
				};
			};
			buildConfigurationList = AAEB80222AB4E35700CAD7AD /* Build configuration list for PBXProject "task4_app" */;
			compatibilityVersion = "Xcode 14.0";
			developmentRegion = en;
			hasScannedForEncodings = 0;
			knownRegions = (
				en,
				Base,
			);
			mainGroup = AAEB801E2AB4E35700CAD7AD;
			productRefGroup = AAEB80282AB4E35700CAD7AD /* Products */;
			projectDirPath = "";
			projectRoot = "";
			targets = (
				AAEB80262AB4E35700CAD7AD /* task4_app */,
			);
		};
/* End PBXProject section */

/* Begin PBXResourcesBuildPhase section */
		AAEB80252AB4E35700CAD7AD /* Resources */ = {
			isa = PBXResourcesBuildPhase;
			buildActionMask = 2147483647;
			files = (
				AAEB80372AB4E35800CAD7AD /* LaunchScreen.storyboard in Resources */,
				AAEB80342AB4E35800CAD7AD /* Assets.xcassets in Resources */,
				AAEB80322AB4E35700CAD7AD /* Main.storyboard in Resources */,
			);
			runOnlyForDeploymentPostprocessing = 0;
		};
/* End PBXResourcesBuildPhase section */

/* Begin PBXSourcesBuildPhase section */
		AAEB80232AB4E35700CAD7AD /* Sources */ = {
			isa = PBXSourcesBuildPhase;
			buildActionMask = 2147483647;
			files = (
				AAEB802F2AB4E35700CAD7AD /* ViewController.swift in Sources */,
				AAEB802B2AB4E35700CAD7AD /* AppDelegate.swift in Sources */,
				AAEB80422AB4F5E500CAD7AD /* WeatherModel.swift in Sources */,
				AAEB802D2AB4E35700CAD7AD /* SceneDelegate.swift in Sources */,
			);
			runOnlyForDeploymentPostprocessing = 0;
		};
/* End PBXSourcesBuildPhase section */

/* Begin PBXVariantGroup section */
		AAEB80302AB4E35700CAD7AD /* Main.storyboard */ = {
			isa = PBXVariantGroup;
			children = (
				AAEB80312AB4E35700CAD7AD /* Base */,
			);
			name = Main.storyboard;
			sourceTree = "<group>";
		};
		AAEB80352AB4E35800CAD7AD /* LaunchScreen.storyboard */ = {
			isa = PBXVariantGroup;
			children = (
				AAEB80362AB4E35800CAD7AD /* Base */,
			);
			name = LaunchScreen.storyboard;
			sourceTree = "<group>";
		};
/* End PBXVariantGroup section */

/* Begin XCBuildConfiguration section */
		AAEB80392AB4E35800CAD7AD /* Debug */ = {
			isa = XCBuildConfiguration;
			buildSettings = {
				ALWAYS_SEARCH_USER_PATHS = NO;
				CLANG_ANALYZER_NONNULL = YES;
				CLANG_ANALYZER_NUMBER_OBJECT_CONVERSION = YES_AGGRESSIVE;
				CLANG_CXX_LANGUAGE_STANDARD = "gnu++20";
				CLANG_ENABLE_MODULES = YES;
				CLANG_ENABLE_OBJC_ARC = YES;
				CLANG_ENABLE_OBJC_WEAK = YES;
				CLANG_WARN_BLOCK_CAPTURE_AUTORELEASING = YES;
				CLANG_WARN_BOOL_CONVERSION = YES;
				CLANG_WARN_COMMA = YES;
				CLANG_WARN_CONSTANT_CONVERSION = YES;
				CLANG_WARN_DEPRECATED_OBJC_IMPLEMENTATIONS = YES;
				CLANG_WARN_DIRECT_OBJC_ISA_USAGE = YES_ERROR;
				CLANG_WARN_DOCUMENTATION_COMMENTS = YES;
				CLANG_WARN_EMPTY_BODY = YES;
				CLANG_WARN_ENUM_CONVERSION = YES;
				CLANG_WARN_INFINITE_RECURSION = YES;
				CLANG_WARN_INT_CONVERSION = YES;
				CLANG_WARN_NON_LITERAL_NULL_CONVERSION = YES;
				CLANG_WARN_OBJC_IMPLICIT_RETAIN_SELF = YES;
				CLANG_WARN_OBJC_LITERAL_CONVERSION = YES;
				CLANG_WARN_OBJC_ROOT_CLASS = YES_ERROR;
				CLANG_WARN_QUOTED_INCLUDE_IN_FRAMEWORK_HEADER = YES;
				CLANG_WARN_RANGE_LOOP_ANALYSIS = YES;
				CLANG_WARN_STRICT_PROTOTYPES = YES;
				CLANG_WARN_SUSPICIOUS_MOVE = YES;
				CLANG_WARN_UNGUARDED_AVAILABILITY = YES_AGGRESSIVE;
				CLANG_WARN_UNREACHABLE_CODE = YES;
				CLANG_WARN__DUPLICATE_METHOD_MATCH = YES;
				COPY_PHASE_STRIP = NO;
				DEBUG_INFORMATION_FORMAT = dwarf;
				ENABLE_STRICT_OBJC_MSGSEND = YES;
				ENABLE_TESTABILITY = YES;
				GCC_C_LANGUAGE_STANDARD = gnu11;
				GCC_DYNAMIC_NO_PIC = NO;
				GCC_NO_COMMON_BLOCKS = YES;
				GCC_OPTIMIZATION_LEVEL = 0;
				GCC_PREPROCESSOR_DEFINITIONS = (
					"DEBUG=1",
					"$(inherited)",
				);
				GCC_WARN_64_TO_32_BIT_CONVERSION = YES;
				GCC_WARN_ABOUT_RETURN_TYPE = YES_ERROR;
				GCC_WARN_UNDECLARED_SELECTOR = YES;
				GCC_WARN_UNINITIALIZED_AUTOS = YES_AGGRESSIVE;
				GCC_WARN_UNUSED_FUNCTION = YES;
				GCC_WARN_UNUSED_VARIABLE = YES;
				IPHONEOS_DEPLOYMENT_TARGET = 16.4;
				MTL_ENABLE_DEBUG_INFO = INCLUDE_SOURCE;
				MTL_FAST_MATH = YES;
				ONLY_ACTIVE_ARCH = YES;
				SDKROOT = iphoneos;
				SWIFT_ACTIVE_COMPILATION_CONDITIONS = DEBUG;
				SWIFT_OPTIMIZATION_LEVEL = "-Onone";
			};
			name = Debug;
		};
		AAEB803A2AB4E35800CAD7AD /* Release */ = {
			isa = XCBuildConfiguration;
			buildSettings = {
				ALWAYS_SEARCH_USER_PATHS = NO;
				CLANG_ANALYZER_NONNULL = YES;
				CLANG_ANALYZER_NUMBER_OBJECT_CONVERSION = YES_AGGRESSIVE;
				CLANG_CXX_LANGUAGE_STANDARD = "gnu++20";
				CLANG_ENABLE_MODULES = YES;
				CLANG_ENABLE_OBJC_ARC = YES;
				CLANG_ENABLE_OBJC_WEAK = YES;
				CLANG_WARN_BLOCK_CAPTURE_AUTORELEASING = YES;
				CLANG_WARN_BOOL_CONVERSION = YES;
				CLANG_WARN_COMMA = YES;
				CLANG_WARN_CONSTANT_CONVERSION = YES;
				CLANG_WARN_DEPRECATED_OBJC_IMPLEMENTATIONS = YES;
				CLANG_WARN_DIRECT_OBJC_ISA_USAGE = YES_ERROR;
				CLANG_WARN_DOCUMENTATION_COMMENTS = YES;
				CLANG_WARN_EMPTY_BODY = YES;
				CLANG_WARN_ENUM_CONVERSION = YES;
				CLANG_WARN_INFINITE_RECURSION = YES;
				CLANG_WARN_INT_CONVERSION = YES;
				CLANG_WARN_NON_LITERAL_NULL_CONVERSION = YES;
				CLANG_WARN_OBJC_IMPLICIT_RETAIN_SELF = YES;
				CLANG_WARN_OBJC_LITERAL_CONVERSION = YES;
				CLANG_WARN_OBJC_ROOT_CLASS = YES_ERROR;
				CLANG_WARN_QUOTED_INCLUDE_IN_FRAMEWORK_HEADER = YES;
				CLANG_WARN_RANGE_LOOP_ANALYSIS = YES;
				CLANG_WARN_STRICT_PROTOTYPES = YES;
				CLANG_WARN_SUSPICIOUS_MOVE = YES;
				CLANG_WARN_UNGUARDED_AVAILABILITY = YES_AGGRESSIVE;
				CLANG_WARN_UNREACHABLE_CODE = YES;
				CLANG_WARN__DUPLICATE_METHOD_MATCH = YES;
				COPY_PHASE_STRIP = NO;
				DEBUG_INFORMATION_FORMAT = "dwarf-with-dsym";
				ENABLE_NS_ASSERTIONS = NO;
				ENABLE_STRICT_OBJC_MSGSEND = YES;
				GCC_C_LANGUAGE_STANDARD = gnu11;
				GCC_NO_COMMON_BLOCKS = YES;
				GCC_WARN_64_TO_32_BIT_CONVERSION = YES;
				GCC_WARN_ABOUT_RETURN_TYPE = YES_ERROR;
				GCC_WARN_UNDECLARED_SELECTOR = YES;
				GCC_WARN_UNINITIALIZED_AUTOS = YES_AGGRESSIVE;
				GCC_WARN_UNUSED_FUNCTION = YES;
				GCC_WARN_UNUSED_VARIABLE = YES;
				IPHONEOS_DEPLOYMENT_TARGET = 16.4;
				MTL_ENABLE_DEBUG_INFO = NO;
				MTL_FAST_MATH = YES;
				SDKROOT = iphoneos;
				SWIFT_COMPILATION_MODE = wholemodule;
				SWIFT_OPTIMIZATION_LEVEL = "-O";
				VALIDATE_PRODUCT = YES;
			};
			name = Release;
		};
		AAEB803C2AB4E35800CAD7AD /* Debug */ = {
			isa = XCBuildConfiguration;
			buildSettings = {
				ASSETCATALOG_COMPILER_APPICON_NAME = AppIcon;
				ASSETCATALOG_COMPILER_GLOBAL_ACCENT_COLOR_NAME = AccentColor;
				CODE_SIGN_STYLE = Automatic;
				CURRENT_PROJECT_VERSION = 1;
				DEVELOPMENT_TEAM = 3T27Z8M244;
				GENERATE_INFOPLIST_FILE = YES;
				INFOPLIST_FILE = task4_app/Info.plist;
				INFOPLIST_KEY_UIApplicationSupportsIndirectInputEvents = YES;
				INFOPLIST_KEY_UILaunchStoryboardName = LaunchScreen;
				INFOPLIST_KEY_UIMainStoryboardFile = Main;
				INFOPLIST_KEY_UISupportedInterfaceOrientations_iPad = "UIInterfaceOrientationPortrait UIInterfaceOrientationPortraitUpsideDown UIInterfaceOrientationLandscapeLeft UIInterfaceOrientationLandscapeRight";
				INFOPLIST_KEY_UISupportedInterfaceOrientations_iPhone = "UIInterfaceOrientationPortrait UIInterfaceOrientationLandscapeLeft UIInterfaceOrientationLandscapeRight";
				IPHONEOS_DEPLOYMENT_TARGET = 16.0;
				LD_RUNPATH_SEARCH_PATHS = (
					"$(inherited)",
					"@executable_path/Frameworks",
				);
				MARKETING_VERSION = 1.0;
				PRODUCT_BUNDLE_IDENTIFIER = "com.omerfbasaran.task4-app";
				PRODUCT_NAME = "$(TARGET_NAME)";
				SUPPORTED_PLATFORMS = "iphoneos iphonesimulator";
				SUPPORTS_MACCATALYST = NO;
				SUPPORTS_MAC_DESIGNED_FOR_IPHONE_IPAD = NO;
				SWIFT_EMIT_LOC_STRINGS = YES;
				SWIFT_VERSION = 5.0;
				TARGETED_DEVICE_FAMILY = 1;
			};
			name = Debug;
		};
		AAEB803D2AB4E35800CAD7AD /* Release */ = {
			isa = XCBuildConfiguration;
			buildSettings = {
				ASSETCATALOG_COMPILER_APPICON_NAME = AppIcon;
				ASSETCATALOG_COMPILER_GLOBAL_ACCENT_COLOR_NAME = AccentColor;
				CODE_SIGN_STYLE = Automatic;
				CURRENT_PROJECT_VERSION = 1;
				DEVELOPMENT_TEAM = 3T27Z8M244;
				GENERATE_INFOPLIST_FILE = YES;
				INFOPLIST_FILE = task4_app/Info.plist;
				INFOPLIST_KEY_UIApplicationSupportsIndirectInputEvents = YES;
				INFOPLIST_KEY_UILaunchStoryboardName = LaunchScreen;
				INFOPLIST_KEY_UIMainStoryboardFile = Main;
				INFOPLIST_KEY_UISupportedInterfaceOrientations_iPad = "UIInterfaceOrientationPortrait UIInterfaceOrientationPortraitUpsideDown UIInterfaceOrientationLandscapeLeft UIInterfaceOrientationLandscapeRight";
				INFOPLIST_KEY_UISupportedInterfaceOrientations_iPhone = "UIInterfaceOrientationPortrait UIInterfaceOrientationLandscapeLeft UIInterfaceOrientationLandscapeRight";
				IPHONEOS_DEPLOYMENT_TARGET = 16.0;
				LD_RUNPATH_SEARCH_PATHS = (
					"$(inherited)",
					"@executable_path/Frameworks",
				);
				MARKETING_VERSION = 1.0;
				PRODUCT_BUNDLE_IDENTIFIER = "com.omerfbasaran.task4-app";
				PRODUCT_NAME = "$(TARGET_NAME)";
				SUPPORTED_PLATFORMS = "iphoneos iphonesimulator";
				SUPPORTS_MACCATALYST = NO;
				SUPPORTS_MAC_DESIGNED_FOR_IPHONE_IPAD = NO;
				SWIFT_EMIT_LOC_STRINGS = YES;
				SWIFT_VERSION = 5.0;
				TARGETED_DEVICE_FAMILY = 1;
			};
			name = Release;
		};
/* End XCBuildConfiguration section */

/* Begin XCConfigurationList section */
		AAEB80222AB4E35700CAD7AD /* Build configuration list for PBXProject "task4_app" */ = {
			isa = XCConfigurationList;
			buildConfigurations = (
				AAEB80392AB4E35800CAD7AD /* Debug */,
				AAEB803A2AB4E35800CAD7AD /* Release */,
			);
			defaultConfigurationIsVisible = 0;
			defaultConfigurationName = Release;
		};
		AAEB803B2AB4E35800CAD7AD /* Build configuration list for PBXNativeTarget "task4_app" */ = {
			isa = XCConfigurationList;
			buildConfigurations = (
				AAEB803C2AB4E35800CAD7AD /* Debug */,
				AAEB803D2AB4E35800CAD7AD /* Release */,
			);
			defaultConfigurationIsVisible = 0;
			defaultConfigurationName = Release;
		};
/* End XCConfigurationList section */
	};
	rootObject = AAEB801F2AB4E35700CAD7AD /* Project object */;
}
